// !$*UTF8*$!
{
	archiveVersion = 1;
	classes = {
	};
	objectVersion = 77;
	objects = {

/* Begin PBXContainerItemProxy section */
		B262BD0D2D185F5700F0E8BF /* PBXContainerItemProxy */ = {
			isa = PBXContainerItemProxy;
			containerPortal = B262BCF42D185F5600F0E8BF /* Project object */;
			proxyType = 1;
			remoteGlobalIDString = B262BCFB2D185F5600F0E8BF;
			remoteInfo = firstapptest;
		};
		B262BD172D185F5700F0E8BF /* PBXContainerItemProxy */ = {
			isa = PBXContainerItemProxy;
			containerPortal = B262BCF42D185F5600F0E8BF /* Project object */;
			proxyType = 1;
			remoteGlobalIDString = B262BCFB2D185F5600F0E8BF;
			remoteInfo = firstapptest;
		};
/* End PBXContainerItemProxy section */

/* Begin PBXFileReference section */
		B262BCFC2D185F5600F0E8BF /* firstapptest.app */ = {isa = PBXFileReference; explicitFileType = wrapper.application; includeInIndex = 0; path = firstapptest.app; sourceTree = BUILT_PRODUCTS_DIR; };
		B262BD0C2D185F5700F0E8BF /* firstapptestTests.xctest */ = {isa = PBXFileReference; explicitFileType = wrapper.cfbundle; includeInIndex = 0; path = firstapptestTests.xctest; sourceTree = BUILT_PRODUCTS_DIR; };
		B262BD162D185F5700F0E8BF /* firstapptestUITests.xctest */ = {isa = PBXFileReference; explicitFileType = wrapper.cfbundle; includeInIndex = 0; path = firstapptestUITests.xctest; sourceTree = BUILT_PRODUCTS_DIR; };
/* End PBXFileReference section */

/* Begin PBXFileSystemSynchronizedBuildFileExceptionSet section */
		B248B2D62D218F8700715619 /* Exceptions for "firstapptest" folder in "firstapptest" target */ = {
			isa = PBXFileSystemSynchronizedBuildFileExceptionSet;
			membershipExceptions = (
				repository/MovieRepositoryProtocol,
			);
			target = B262BCFB2D185F5600F0E8BF /* firstapptest */;
		};
/* End PBXFileSystemSynchronizedBuildFileExceptionSet section */

/* Begin PBXFileSystemSynchronizedRootGroup section */
		B262BCFE2D185F5600F0E8BF /* firstapptest */ = {
			isa = PBXFileSystemSynchronizedRootGroup;
			exceptions = (
				B248B2D62D218F8700715619 /* Exceptions for "firstapptest" folder in "firstapptest" target */,
			);
			path = firstapptest;
			sourceTree = "<group>";
		};
		B262BD0F2D185F5700F0E8BF /* firstapptestTests */ = {
			isa = PBXFileSystemSynchronizedRootGroup;
			path = firstapptestTests;
			sourceTree = "<group>";
		};
		B262BD192D185F5700F0E8BF /* firstapptestUITests */ = {
			isa = PBXFileSystemSynchronizedRootGroup;
			path = firstapptestUITests;
			sourceTree = "<group>";
		};
/* End PBXFileSystemSynchronizedRootGroup section */

/* Begin PBXFrameworksBuildPhase section */
		B262BCF92D185F5600F0E8BF /* Frameworks */ = {
			isa = PBXFrameworksBuildPhase;
			buildActionMask = 2147483647;
			files = (
			);
			runOnlyForDeploymentPostprocessing = 0;
		};
		B262BD092D185F5700F0E8BF /* Frameworks */ = {
			isa = PBXFrameworksBuildPhase;
			buildActionMask = 2147483647;
			files = (
			);
			runOnlyForDeploymentPostprocessing = 0;
		};
		B262BD132D185F5700F0E8BF /* Frameworks */ = {
			isa = PBXFrameworksBuildPhase;
			buildActionMask = 2147483647;
			files = (
			);
			runOnlyForDeploymentPostprocessing = 0;
		};
/* End PBXFrameworksBuildPhase section */

/* Begin PBXGroup section */
		B262BCF32D185F5600F0E8BF = {
			isa = PBXGroup;
			children = (
				B262BCFE2D185F5600F0E8BF /* firstapptest */,
				B262BD0F2D185F5700F0E8BF /* firstapptestTests */,
				B262BD192D185F5700F0E8BF /* firstapptestUITests */,
				B262BCFD2D185F5600F0E8BF /* Products */,
			);
			sourceTree = "<group>";
		};
		B262BCFD2D185F5600F0E8BF /* Products */ = {
			isa = PBXGroup;
			children = (
				B262BCFC2D185F5600F0E8BF /* firstapptest.app */,
				B262BD0C2D185F5700F0E8BF /* firstapptestTests.xctest */,
				B262BD162D185F5700F0E8BF /* firstapptestUITests.xctest */,
			);
			name = Products;
			sourceTree = "<group>";
		};
/* End PBXGroup section */

/* Begin PBXNativeTarget section */
		B262BCFB2D185F5600F0E8BF /* firstapptest */ = {
			isa = PBXNativeTarget;
			buildConfigurationList = B262BD202D185F5700F0E8BF /* Build configuration list for PBXNativeTarget "firstapptest" */;
			buildPhases = (
				B262BCF82D185F5600F0E8BF /* Sources */,
				B262BCF92D185F5600F0E8BF /* Frameworks */,
				B262BCFA2D185F5600F0E8BF /* Resources */,
			);
			buildRules = (
			);
			dependencies = (
			);
			fileSystemSynchronizedGroups = (
				B262BCFE2D185F5600F0E8BF /* firstapptest */,
			);
			name = firstapptest;
			packageProductDependencies = (
			);
			productName = firstapptest;
			productReference = B262BCFC2D185F5600F0E8BF /* firstapptest.app */;
			productType = "com.apple.product-type.application";
		};
		B262BD0B2D185F5700F0E8BF /* firstapptestTests */ = {
			isa = PBXNativeTarget;
			buildConfigurationList = B262BD232D185F5700F0E8BF /* Build configuration list for PBXNativeTarget "firstapptestTests" */;
			buildPhases = (
				B262BD082D185F5700F0E8BF /* Sources */,
				B262BD092D185F5700F0E8BF /* Frameworks */,
				B262BD0A2D185F5700F0E8BF /* Resources */,
			);
			buildRules = (
			);
			dependencies = (
				B262BD0E2D185F5700F0E8BF /* PBXTargetDependency */,
			);
			fileSystemSynchronizedGroups = (
				B262BD0F2D185F5700F0E8BF /* firstapptestTests */,
			);
			name = firstapptestTests;
			packageProductDependencies = (
			);
			productName = firstapptestTests;
			productReference = B262BD0C2D185F5700F0E8BF /* firstapptestTests.xctest */;
			productType = "com.apple.product-type.bundle.unit-test";
		};
		B262BD152D185F5700F0E8BF /* firstapptestUITests */ = {
			isa = PBXNativeTarget;
			buildConfigurationList = B262BD262D185F5700F0E8BF /* Build configuration list for PBXNativeTarget "firstapptestUITests" */;
			buildPhases = (
				B262BD122D185F5700F0E8BF /* Sources */,
				B262BD132D185F5700F0E8BF /* Frameworks */,
				B262BD142D185F5700F0E8BF /* Resources */,
			);
			buildRules = (
			);
			dependencies = (
				B262BD182D185F5700F0E8BF /* PBXTargetDependency */,
			);
			fileSystemSynchronizedGroups = (
				B262BD192D185F5700F0E8BF /* firstapptestUITests */,
			);
			name = firstapptestUITests;
			packageProductDependencies = (
			);
			productName = firstapptestUITests;
			productReference = B262BD162D185F5700F0E8BF /* firstapptestUITests.xctest */;
			productType = "com.apple.product-type.bundle.ui-testing";
		};
/* End PBXNativeTarget section */

/* Begin PBXProject section */
		B262BCF42D185F5600F0E8BF /* Project object */ = {
			isa = PBXProject;
			attributes = {
				BuildIndependentTargetsInParallel = 1;
				LastSwiftUpdateCheck = 1620;
				LastUpgradeCheck = 1620;
				TargetAttributes = {
					B262BCFB2D185F5600F0E8BF = {
						CreatedOnToolsVersion = 16.2;
					};
					B262BD0B2D185F5700F0E8BF = {
						CreatedOnToolsVersion = 16.2;
						TestTargetID = B262BCFB2D185F5600F0E8BF;
					};
					B262BD152D185F5700F0E8BF = {
						CreatedOnToolsVersion = 16.2;
						TestTargetID = B262BCFB2D185F5600F0E8BF;
					};
				};
			};
			buildConfigurationList = B262BCF72D185F5600F0E8BF /* Build configuration list for PBXProject "firstapptest" */;
			developmentRegion = en;
			hasScannedForEncodings = 0;
			knownRegions = (
				en,
				Base,
			);
			mainGroup = B262BCF32D185F5600F0E8BF;
			minimizedProjectReferenceProxies = 1;
			preferredProjectObjectVersion = 77;
			productRefGroup = B262BCFD2D185F5600F0E8BF /* Products */;
			projectDirPath = "";
			projectRoot = "";
			targets = (
				B262BCFB2D185F5600F0E8BF /* firstapptest */,
				B262BD0B2D185F5700F0E8BF /* firstapptestTests */,
				B262BD152D185F5700F0E8BF /* firstapptestUITests */,
			);
		};
/* End PBXProject section */

/* Begin PBXResourcesBuildPhase section */
		B262BCFA2D185F5600F0E8BF /* Resources */ = {
			isa = PBXResourcesBuildPhase;
			buildActionMask = 2147483647;
			files = (
			);
			runOnlyForDeploymentPostprocessing = 0;
		};
		B262BD0A2D185F5700F0E8BF /* Resources */ = {
			isa = PBXResourcesBuildPhase;
			buildActionMask = 2147483647;
			files = (
			);
			runOnlyForDeploymentPostprocessing = 0;
		};
		B262BD142D185F5700F0E8BF /* Resources */ = {
			isa = PBXResourcesBuildPhase;
			buildActionMask = 2147483647;
			files = (
			);
			runOnlyForDeploymentPostprocessing = 0;
		};
/* End PBXResourcesBuildPhase section */

/* Begin PBXSourcesBuildPhase section */
		B262BCF82D185F5600F0E8BF /* Sources */ = {
			isa = PBXSourcesBuildPhase;
			buildActionMask = 2147483647;
			files = (
				// ... diğer dosyalar ...
				// MovieRepositoryProtocol.swift dosyasını ekleyin
			);
			runOnlyForDeploymentPostprocessing = 0;
		};
		B262BD082D185F5700F0E8BF /* Sources */ = {
			isa = PBXSourcesBuildPhase;
			buildActionMask = 2147483647;
			files = (
			);
			runOnlyForDeploymentPostprocessing = 0;
		};
		B262BD122D185F5700F0E8BF /* Sources */ = {
			isa = PBXSourcesBuildPhase;
			buildActionMask = 2147483647;
			files = (
			);
			runOnlyForDeploymentPostprocessing = 0;
		};
/* End PBXSourcesBuildPhase section */

/* Begin PBXTargetDependency section */
		B262BD0E2D185F5700F0E8BF /* PBXTargetDependency */ = {
			isa = PBXTargetDependency;
			target = B262BCFB2D185F5600F0E8BF /* firstapptest */;
			targetProxy = B262BD0D2D185F5700F0E8BF /* PBXContainerItemProxy */;
		};
		B262BD182D185F5700F0E8BF /* PBXTargetDependency */ = {
			isa = PBXTargetDependency;
			target = B262BCFB2D185F5600F0E8BF /* firstapptest */;
			targetProxy = B262BD172D185F5700F0E8BF /* PBXContainerItemProxy */;
		};
/* End PBXTargetDependency section */

/* Begin XCBuildConfiguration section */
		B262BD1E2D185F5700F0E8BF /* Debug */ = {
			isa = XCBuildConfiguration;
			buildSettings = {
				ALWAYS_SEARCH_USER_PATHS = NO;
				ASSETCATALOG_COMPILER_GENERATE_SWIFT_ASSET_SYMBOL_EXTENSIONS = YES;
				CLANG_ANALYZER_NONNULL = YES;
				CLANG_ANALYZER_NUMBER_OBJECT_CONVERSION = YES_AGGRESSIVE;
				CLANG_CXX_LANGUAGE_STANDARD = "gnu++20";
				CLANG_ENABLE_MODULES = YES;
				CLANG_ENABLE_OBJC_ARC = YES;
				CLANG_ENABLE_OBJC_WEAK = YES;
				CLANG_WARN_BLOCK_CAPTURE_AUTORELEASING = YES;
				CLANG_WARN_BOOL_CONVERSION = YES;
				CLANG_WARN_COMMA = YES;
				CLANG_WARN_CONSTANT_CONVERSION = YES;
				CLANG_WARN_DEPRECATED_OBJC_IMPLEMENTATIONS = YES;
				CLANG_WARN_DIRECT_OBJC_ISA_USAGE = YES_ERROR;
				CLANG_WARN_DOCUMENTATION_COMMENTS = YES;
				CLANG_WARN_EMPTY_BODY = YES;
				CLANG_WARN_ENUM_CONVERSION = YES;
				CLANG_WARN_INFINITE_RECURSION = YES;
				CLANG_WARN_INT_CONVERSION = YES;
				CLANG_WARN_NON_LITERAL_NULL_CONVERSION = YES;
				CLANG_WARN_OBJC_IMPLICIT_RETAIN_SELF = YES;
				CLANG_WARN_OBJC_LITERAL_CONVERSION = YES;
				CLANG_WARN_OBJC_ROOT_CLASS = YES_ERROR;
				CLANG_WARN_QUOTED_INCLUDE_IN_FRAMEWORK_HEADER = YES;
				CLANG_WARN_RANGE_LOOP_ANALYSIS = YES;
				CLANG_WARN_STRICT_PROTOTYPES = YES;
				CLANG_WARN_SUSPICIOUS_MOVE = YES;
				CLANG_WARN_UNGUARDED_AVAILABILITY = YES_AGGRESSIVE;
				CLANG_WARN_UNREACHABLE_CODE = YES;
				CLANG_WARN__DUPLICATE_METHOD_MATCH = YES;
				COPY_PHASE_STRIP = NO;
				DEBUG_INFORMATION_FORMAT = dwarf;
				ENABLE_STRICT_OBJC_MSGSEND = YES;
				ENABLE_TESTABILITY = YES;
				ENABLE_USER_SCRIPT_SANDBOXING = YES;
				GCC_C_LANGUAGE_STANDARD = gnu17;
				GCC_DYNAMIC_NO_PIC = NO;
				GCC_NO_COMMON_BLOCKS = YES;
				GCC_OPTIMIZATION_LEVEL = 0;
				GCC_PREPROCESSOR_DEFINITIONS = (
					"DEBUG=1",
					"$(inherited)",
				);
				GCC_WARN_64_TO_32_BIT_CONVERSION = YES;
				GCC_WARN_ABOUT_RETURN_TYPE = YES_ERROR;
				GCC_WARN_UNDECLARED_SELECTOR = YES;
				GCC_WARN_UNINITIALIZED_AUTOS = YES_AGGRESSIVE;
				GCC_WARN_UNUSED_FUNCTION = YES;
				GCC_WARN_UNUSED_VARIABLE = YES;
				IPHONEOS_DEPLOYMENT_TARGET = 18.2;
				LOCALIZATION_PREFERS_STRING_CATALOGS = YES;
				MTL_ENABLE_DEBUG_INFO = INCLUDE_SOURCE;
				MTL_FAST_MATH = YES;
				ONLY_ACTIVE_ARCH = YES;
				SDKROOT = iphoneos;
				SWIFT_ACTIVE_COMPILATION_CONDITIONS = "DEBUG $(inherited)";
				SWIFT_OPTIMIZATION_LEVEL = "-Onone";
			};
			name = Debug;
		};
		B262BD1F2D185F5700F0E8BF /* Release */ = {
			isa = XCBuildConfiguration;
			buildSettings = {
				ALWAYS_SEARCH_USER_PATHS = NO;
				ASSETCATALOG_COMPILER_GENERATE_SWIFT_ASSET_SYMBOL_EXTENSIONS = YES;
				CLANG_ANALYZER_NONNULL = YES;
				CLANG_ANALYZER_NUMBER_OBJECT_CONVERSION = YES_AGGRESSIVE;
				CLANG_CXX_LANGUAGE_STANDARD = "gnu++20";
				CLANG_ENABLE_MODULES = YES;
				CLANG_ENABLE_OBJC_ARC = YES;
				CLANG_ENABLE_OBJC_WEAK = YES;
				CLANG_WARN_BLOCK_CAPTURE_AUTORELEASING = YES;
				CLANG_WARN_BOOL_CONVERSION = YES;
				CLANG_WARN_COMMA = YES;
				CLANG_WARN_CONSTANT_CONVERSION = YES;
				CLANG_WARN_DEPRECATED_OBJC_IMPLEMENTATIONS = YES;
				CLANG_WARN_DIRECT_OBJC_ISA_USAGE = YES_ERROR;
				CLANG_WARN_DOCUMENTATION_COMMENTS = YES;
				CLANG_WARN_EMPTY_BODY = YES;
				CLANG_WARN_ENUM_CONVERSION = YES;
				CLANG_WARN_INFINITE_RECURSION = YES;
				CLANG_WARN_INT_CONVERSION = YES;
				CLANG_WARN_NON_LITERAL_NULL_CONVERSION = YES;
				CLANG_WARN_OBJC_IMPLICIT_RETAIN_SELF = YES;
				CLANG_WARN_OBJC_LITERAL_CONVERSION = YES;
				CLANG_WARN_OBJC_ROOT_CLASS = YES_ERROR;
				CLANG_WARN_QUOTED_INCLUDE_IN_FRAMEWORK_HEADER = YES;
				CLANG_WARN_RANGE_LOOP_ANALYSIS = YES;
				CLANG_WARN_STRICT_PROTOTYPES = YES;
				CLANG_WARN_SUSPICIOUS_MOVE = YES;
				CLANG_WARN_UNGUARDED_AVAILABILITY = YES_AGGRESSIVE;
				CLANG_WARN_UNREACHABLE_CODE = YES;
				CLANG_WARN__DUPLICATE_METHOD_MATCH = YES;
				COPY_PHASE_STRIP = NO;
				DEBUG_INFORMATION_FORMAT = "dwarf-with-dsym";
				ENABLE_NS_ASSERTIONS = NO;
				ENABLE_STRICT_OBJC_MSGSEND = YES;
				ENABLE_USER_SCRIPT_SANDBOXING = YES;
				GCC_C_LANGUAGE_STANDARD = gnu17;
				GCC_NO_COMMON_BLOCKS = YES;
				GCC_WARN_64_TO_32_BIT_CONVERSION = YES;
				GCC_WARN_ABOUT_RETURN_TYPE = YES_ERROR;
				GCC_WARN_UNDECLARED_SELECTOR = YES;
				GCC_WARN_UNINITIALIZED_AUTOS = YES_AGGRESSIVE;
				GCC_WARN_UNUSED_FUNCTION = YES;
				GCC_WARN_UNUSED_VARIABLE = YES;
				IPHONEOS_DEPLOYMENT_TARGET = 18.2;
				LOCALIZATION_PREFERS_STRING_CATALOGS = YES;
				MTL_ENABLE_DEBUG_INFO = NO;
				MTL_FAST_MATH = YES;
				SDKROOT = iphoneos;
				SWIFT_COMPILATION_MODE = wholemodule;
				VALIDATE_PRODUCT = YES;
			};
			name = Release;
		};
		B262BD212D185F5700F0E8BF /* Debug */ = {
			isa = XCBuildConfiguration;
			buildSettings = {
				ASSETCATALOG_COMPILER_APPICON_NAME = AppIcon;
				ASSETCATALOG_COMPILER_GLOBAL_ACCENT_COLOR_NAME = AccentColor;
				CODE_SIGN_STYLE = Automatic;
				CURRENT_PROJECT_VERSION = 1;
				DEVELOPMENT_ASSET_PATHS = "\"firstapptest/Preview Content\"";
				ENABLE_PREVIEWS = YES;
				GENERATE_INFOPLIST_FILE = YES;
				INFOPLIST_KEY_UIApplicationSceneManifest_Generation = YES;
				INFOPLIST_KEY_UIApplicationSupportsIndirectInputEvents = YES;
				INFOPLIST_KEY_UILaunchScreen_Generation = YES;
				INFOPLIST_KEY_UISupportedInterfaceOrientations_iPad = "UIInterfaceOrientationPortrait UIInterfaceOrientationPortraitUpsideDown UIInterfaceOrientationLandscapeLeft UIInterfaceOrientationLandscapeRight";
				INFOPLIST_KEY_UISupportedInterfaceOrientations_iPhone = "UIInterfaceOrientationPortrait UIInterfaceOrientationLandscapeLeft UIInterfaceOrientationLandscapeRight";
				LD_RUNPATH_SEARCH_PATHS = (
					"$(inherited)",
					"@executable_path/Frameworks",
				);
				MARKETING_VERSION = 1.0;
				PRODUCT_BUNDLE_IDENTIFIER = first.firstapptest;
				PRODUCT_NAME = "$(TARGET_NAME)";
				SWIFT_EMIT_LOC_STRINGS = YES;
				SWIFT_VERSION = 5.0;
				TARGETED_DEVICE_FAMILY = "1,2";
			};
			name = Debug;
		};
		B262BD222D185F5700F0E8BF /* Release */ = {
			isa = XCBuildConfiguration;
			buildSettings = {
				ASSETCATALOG_COMPILER_APPICON_NAME = AppIcon;
				ASSETCATALOG_COMPILER_GLOBAL_ACCENT_COLOR_NAME = AccentColor;
				CODE_SIGN_STYLE = Automatic;
				CURRENT_PROJECT_VERSION = 1;
				DEVELOPMENT_ASSET_PATHS = "\"firstapptest/Preview Content\"";
				ENABLE_PREVIEWS = YES;
				GENERATE_INFOPLIST_FILE = YES;
				INFOPLIST_KEY_UIApplicationSceneManifest_Generation = YES;
				INFOPLIST_KEY_UIApplicationSupportsIndirectInputEvents = YES;
				INFOPLIST_KEY_UILaunchScreen_Generation = YES;
				INFOPLIST_KEY_UISupportedInterfaceOrientations_iPad = "UIInterfaceOrientationPortrait UIInterfaceOrientationPortraitUpsideDown UIInterfaceOrientationLandscapeLeft UIInterfaceOrientationLandscapeRight";
				INFOPLIST_KEY_UISupportedInterfaceOrientations_iPhone = "UIInterfaceOrientationPortrait UIInterfaceOrientationLandscapeLeft UIInterfaceOrientationLandscapeRight";
				LD_RUNPATH_SEARCH_PATHS = (
					"$(inherited)",
					"@executable_path/Frameworks",
				);
				MARKETING_VERSION = 1.0;
				PRODUCT_BUNDLE_IDENTIFIER = first.firstapptest;
				PRODUCT_NAME = "$(TARGET_NAME)";
				SWIFT_EMIT_LOC_STRINGS = YES;
				SWIFT_VERSION = 5.0;
				TARGETED_DEVICE_FAMILY = "1,2";
			};
			name = Release;
		};
		B262BD242D185F5700F0E8BF /* Debug */ = {
			isa = XCBuildConfiguration;
			buildSettings = {
				BUNDLE_LOADER = "$(TEST_HOST)";
				CODE_SIGN_STYLE = Automatic;
				CURRENT_PROJECT_VERSION = 1;
				GENERATE_INFOPLIST_FILE = YES;
				IPHONEOS_DEPLOYMENT_TARGET = 18.2;
				MARKETING_VERSION = 1.0;
				PRODUCT_BUNDLE_IDENTIFIER = first.firstapptestTests;
				PRODUCT_NAME = "$(TARGET_NAME)";
				SWIFT_EMIT_LOC_STRINGS = NO;
				SWIFT_VERSION = 5.0;
				TARGETED_DEVICE_FAMILY = "1,2";
				TEST_HOST = "$(BUILT_PRODUCTS_DIR)/firstapptest.app/$(BUNDLE_EXECUTABLE_FOLDER_PATH)/firstapptest";
			};
			name = Debug;
		};
		B262BD252D185F5700F0E8BF /* Release */ = {
			isa = XCBuildConfiguration;
			buildSettings = {
				BUNDLE_LOADER = "$(TEST_HOST)";
				CODE_SIGN_STYLE = Automatic;
				CURRENT_PROJECT_VERSION = 1;
				GENERATE_INFOPLIST_FILE = YES;
				IPHONEOS_DEPLOYMENT_TARGET = 18.2;
				MARKETING_VERSION = 1.0;
				PRODUCT_BUNDLE_IDENTIFIER = first.firstapptestTests;
				PRODUCT_NAME = "$(TARGET_NAME)";
				SWIFT_EMIT_LOC_STRINGS = NO;
				SWIFT_VERSION = 5.0;
				TARGETED_DEVICE_FAMILY = "1,2";
				TEST_HOST = "$(BUILT_PRODUCTS_DIR)/firstapptest.app/$(BUNDLE_EXECUTABLE_FOLDER_PATH)/firstapptest";
			};
			name = Release;
		};
		B262BD272D185F5700F0E8BF /* Debug */ = {
			isa = XCBuildConfiguration;
			buildSettings = {
				CODE_SIGN_STYLE = Automatic;
				CURRENT_PROJECT_VERSION = 1;
				GENERATE_INFOPLIST_FILE = YES;
				MARKETING_VERSION = 1.0;
				PRODUCT_BUNDLE_IDENTIFIER = first.firstapptestUITests;
				PRODUCT_NAME = "$(TARGET_NAME)";
				SWIFT_EMIT_LOC_STRINGS = NO;
				SWIFT_VERSION = 5.0;
				TARGETED_DEVICE_FAMILY = "1,2";
				TEST_TARGET_NAME = firstapptest;
			};
			name = Debug;
		};
		B262BD282D185F5700F0E8BF /* Release */ = {
			isa = XCBuildConfiguration;
			buildSettings = {
				CODE_SIGN_STYLE = Automatic;
				CURRENT_PROJECT_VERSION = 1;
				GENERATE_INFOPLIST_FILE = YES;
				MARKETING_VERSION = 1.0;
				PRODUCT_BUNDLE_IDENTIFIER = first.firstapptestUITests;
				PRODUCT_NAME = "$(TARGET_NAME)";
				SWIFT_EMIT_LOC_STRINGS = NO;
				SWIFT_VERSION = 5.0;
				TARGETED_DEVICE_FAMILY = "1,2";
				TEST_TARGET_NAME = firstapptest;
			};
			name = Release;
		};
/* End XCBuildConfiguration section */

/* Begin XCConfigurationList section */
		B262BCF72D185F5600F0E8BF /* Build configuration list for PBXProject "firstapptest" */ = {
			isa = XCConfigurationList;
			buildConfigurations = (
				B262BD1E2D185F5700F0E8BF /* Debug */,
				B262BD1F2D185F5700F0E8BF /* Release */,
			);
			defaultConfigurationIsVisible = 0;
			defaultConfigurationName = Release;
		};
		B262BD202D185F5700F0E8BF /* Build configuration list for PBXNativeTarget "firstapptest" */ = {
			isa = XCConfigurationList;
			buildConfigurations = (
				B262BD212D185F5700F0E8BF /* Debug */,
				B262BD222D185F5700F0E8BF /* Release */,
			);
			defaultConfigurationIsVisible = 0;
			defaultConfigurationName = Release;
		};
		B262BD232D185F5700F0E8BF /* Build configuration list for PBXNativeTarget "firstapptestTests" */ = {
			isa = XCConfigurationList;
			buildConfigurations = (
				B262BD242D185F5700F0E8BF /* Debug */,
				B262BD252D185F5700F0E8BF /* Release */,
			);
			defaultConfigurationIsVisible = 0;
			defaultConfigurationName = Release;
		};
		B262BD262D185F5700F0E8BF /* Build configuration list for PBXNativeTarget "firstapptestUITests" */ = {
			isa = XCConfigurationList;
			buildConfigurations = (
				B262BD272D185F5700F0E8BF /* Debug */,
				B262BD282D185F5700F0E8BF /* Release */,
			);
			defaultConfigurationIsVisible = 0;
			defaultConfigurationName = Release;
		};
/* End XCConfigurationList section */
	};
	rootObject = B262BCF42D185F5600F0E8BF /* Project object */;
}
